
Microsoft Visual Studio Solution File, Format Version 12.00
# Visual Studio Version 17
VisualStudioVersion = 17.9.34616.47
MinimumVisualStudioVersion = 10.0.40219.1
Project("{FAE04EC0-301F-11D3-BF4B-00C04F79EFBC}") = "Chicken_slayer", "Chicken_slayer\Chicken_slayer.csproj", "{28594E16-2FC2-4689-A60C-2BB361ED414F}"
EndProject
Global
	GlobalSection(SolutionConfigurationPlatforms) = preSolution
		Debug|Any CPU = Debug|Any CPU
		Release|Any CPU = Release|Any CPU
	EndGlobalSection
	GlobalSection(ProjectConfigurationPlatforms) = postSolution
		{28594E16-2FC2-4689-A60C-2BB361ED414F}.Debug|Any CPU.ActiveCfg = Debug|Any CPU
		{28594E16-2FC2-4689-A60C-2BB361ED414F}.Debug|Any CPU.Build.0 = Debug|Any CPU
		{28594E16-2FC2-4689-A60C-2BB361ED414F}.Release|Any CPU.ActiveCfg = Release|Any CPU
		{28594E16-2FC2-4689-A60C-2BB361ED414F}.Release|Any CPU.Build.0 = Release|Any CPU
	EndGlobalSection
	GlobalSection(SolutionProperties) = preSolution
		HideSolutionNode = FALSE
	EndGlobalSection
	GlobalSection(ExtensibilityGlobals) = postSolution
		SolutionGuid = {90E4B536-6C9F-4085-B888-7B69BEAABD8B}
	EndGlobalSection
EndGlobal
