
Microsoft Visual Studio Solution File, Format Version 12.00
# Visual Studio Version 17
VisualStudioVersion = 17.9.34723.18
MinimumVisualStudioVersion = 10.0.40219.1
Project("{FAE04EC0-301F-11D3-BF4B-00C04F79EFBC}") = "offline", "offline\offline.csproj", "{AAB52D9B-5B64-45F9-BEC0-F34258D43A8C}"
EndProject
Global
	GlobalSection(SolutionConfigurationPlatforms) = preSolution
		Debug|Any CPU = Debug|Any CPU
		Release|Any CPU = Release|Any CPU
	EndGlobalSection
	GlobalSection(ProjectConfigurationPlatforms) = postSolution
		{AAB52D9B-5B64-45F9-BEC0-F34258D43A8C}.Debug|Any CPU.ActiveCfg = Debug|Any CPU
		{AAB52D9B-5B64-45F9-BEC0-F34258D43A8C}.Debug|Any CPU.Build.0 = Debug|Any CPU
		{AAB52D9B-5B64-45F9-BEC0-F34258D43A8C}.Release|Any CPU.ActiveCfg = Release|Any CPU
		{AAB52D9B-5B64-45F9-BEC0-F34258D43A8C}.Release|Any CPU.Build.0 = Release|Any CPU
	EndGlobalSection
	GlobalSection(SolutionProperties) = preSolution
		HideSolutionNode = FALSE
	EndGlobalSection
	GlobalSection(ExtensibilityGlobals) = postSolution
		SolutionGuid = {F9026441-F636-47BF-AD95-033D9389345E}
	EndGlobalSection
EndGlobal
